# @generated by Move, please check-in and do not edit manually.

[move]
version = 2
manifest_digest = "9FDFC6BE1B864381E88691124522926A8A1A03E4B99E5BDD9A60D5B213963FD0"
deps_digest = "060AD7E57DFB13104F21BE5F5C3759D03F0553FC3229247D9A7A6B45F50D03A3"
dependencies = [
  { name = "Sui" },
  { name = "stablecoin" },
  { name = "sui_extensions" },
]

[[move.package]]
name = "MoveStdlib"
source = { git = "https://github.com/MystenLabs/sui.git", rev = "a4185da5659d8d299d34e1bb2515ff1f7e32a20a", subdir = "crates/sui-framework/packages/move-stdlib" }

[[move.package]]
name = "Sui"
source = { git = "https://github.com/MystenLabs/sui.git", rev = "a4185da5659d8d299d34e1bb2515ff1f7e32a20a", subdir = "crates/sui-framework/packages/sui-framework" }

dependencies = [
  { name = "MoveStdlib" },
]

[[move.package]]
name = "stablecoin"
source = { git = "https://github.com/yvonnezhangc/stablecoin-sui.git", rev = "testnet", subdir = "packages/stablecoin" }

dependencies = [
  { name = "Sui" },
  { name = "sui_extensions" },
]

[[move.package]]
name = "sui_extensions"
source = { git = "https://github.com/yvonnezhangc/stablecoin-sui.git", rev = "testnet", subdir = "packages/sui_extensions" }

dependencies = [
  { name = "Sui" },
]

[move.toolchain-version]
compiler-version = "1.32.2"
edition = "2024.beta"
flavor = "sui"
