# @generated by Move, please check-in and do not edit manually.

[move]
version = 2
manifest_digest = "A06990271D66CB1AA35698C09CB2EA437E61881D9397F2EF44C95CC73E5C2A04"
deps_digest = "3C4103934B1E040BB6B23F1D610B4EF9F2F1166A50A104EADCF77467C004C600"
dependencies = [
  { name = "Sui" },
  { name = "sui_extensions" },
]

[[move.package]]
name = "MoveStdlib"
source = { git = "https://github.com/MystenLabs/sui.git", rev = "a4185da5659d8d299d34e1bb2515ff1f7e32a20a", subdir = "crates/sui-framework/packages/move-stdlib" }

[[move.package]]
name = "Sui"
source = { git = "https://github.com/MystenLabs/sui.git", rev = "a4185da5659d8d299d34e1bb2515ff1f7e32a20a", subdir = "crates/sui-framework/packages/sui-framework" }

dependencies = [
  { name = "MoveStdlib" },
]

[[move.package]]
name = "sui_extensions"
source = { git = "https://github.com/yvonnezhangc/stablecoin-sui.git", rev = "3bfc3a42807928d426868ca78fbd2cc9675d8cde", subdir = "packages/sui_extensions" }

dependencies = [
  { name = "Sui" },
]
